// !$*UTF8*$!
{
	archiveVersion = 1;
	classes = {
	};
	objectVersion = 56;
	objects = {

/* Begin PBXBuildFile section */
		DE5DD3992B8D827D0027EF99 /* AppDelegate.swift in Sources */ = {isa = PBXBuildFile; fileRef = DE5DD3982B8D827D0027EF99 /* AppDelegate.swift */; };
		DE5DD39B2B8D827D0027EF99 /* SceneDelegate.swift in Sources */ = {isa = PBXBuildFile; fileRef = DE5DD39A2B8D827D0027EF99 /* SceneDelegate.swift */; };
		DE5DD39D2B8D827D0027EF99 /* ViewController.swift in Sources */ = {isa = PBXBuildFile; fileRef = DE5DD39C2B8D827D0027EF99 /* ViewController.swift */; };
		DE5DD3A02B8D827D0027EF99 /* Main.storyboard in Resources */ = {isa = PBXBuildFile; fileRef = DE5DD39E2B8D827D0027EF99 /* Main.storyboard */; };
		DE5DD3A22B8D827E0027EF99 /* Assets.xcassets in Resources */ = {isa = PBXBuildFile; fileRef = DE5DD3A12B8D827E0027EF99 /* Assets.xcassets */; };
		DE5DD3A52B8D827E0027EF99 /* LaunchScreen.storyboard in Resources */ = {isa = PBXBuildFile; fileRef = DE5DD3A32B8D827E0027EF99 /* LaunchScreen.storyboard */; };
		DE5DD3AD2B8D88410027EF99 /* MovieCell.swift in Sources */ = {isa = PBXBuildFile; fileRef = DE5DD3AC2B8D88410027EF99 /* MovieCell.swift */; };
		DE5DD3B22B8D8CA20027EF99 /* Movie.swift in Sources */ = {isa = PBXBuildFile; fileRef = DE5DD3B12B8D8CA20027EF99 /* Movie.swift */; };
		DE5DD3B42B8DB0740027EF99 /* DataManager.swift in Sources */ = {isa = PBXBuildFile; fileRef = DE5DD3B32B8DB0740027EF99 /* DataManager.swift */; };
		DE5DD3B62B8DBE8C0027EF99 /* DetailViewController.swift in Sources */ = {isa = PBXBuildFile; fileRef = DE5DD3B52B8DBE8C0027EF99 /* DetailViewController.swift */; };
/* End PBXBuildFile section */

/* Begin PBXFileReference section */
		DE5DD3952B8D827D0027EF99 /* TableView.app */ = {isa = PBXFileReference; explicitFileType = wrapper.application; includeInIndex = 0; path = TableView.app; sourceTree = BUILT_PRODUCTS_DIR; };
		DE5DD3982B8D827D0027EF99 /* AppDelegate.swift */ = {isa = PBXFileReference; lastKnownFileType = sourcecode.swift; path = AppDelegate.swift; sourceTree = "<group>"; };
		DE5DD39A2B8D827D0027EF99 /* SceneDelegate.swift */ = {isa = PBXFileReference; lastKnownFileType = sourcecode.swift; path = SceneDelegate.swift; sourceTree = "<group>"; };
		DE5DD39C2B8D827D0027EF99 /* ViewController.swift */ = {isa = PBXFileReference; lastKnownFileType = sourcecode.swift; path = ViewController.swift; sourceTree = "<group>"; };
		DE5DD39F2B8D827D0027EF99 /* Base */ = {isa = PBXFileReference; lastKnownFileType = file.storyboard; name = Base; path = Base.lproj/Main.storyboard; sourceTree = "<group>"; };
		DE5DD3A12B8D827E0027EF99 /* Assets.xcassets */ = {isa = PBXFileReference; lastKnownFileType = folder.assetcatalog; path = Assets.xcassets; sourceTree = "<group>"; };
		DE5DD3A42B8D827E0027EF99 /* Base */ = {isa = PBXFileReference; lastKnownFileType = file.storyboard; name = Base; path = Base.lproj/LaunchScreen.storyboard; sourceTree = "<group>"; };
		DE5DD3A62B8D827E0027EF99 /* Info.plist */ = {isa = PBXFileReference; lastKnownFileType = text.plist.xml; path = Info.plist; sourceTree = "<group>"; };
		DE5DD3AC2B8D88410027EF99 /* MovieCell.swift */ = {isa = PBXFileReference; lastKnownFileType = sourcecode.swift; path = MovieCell.swift; sourceTree = "<group>"; };
		DE5DD3B12B8D8CA20027EF99 /* Movie.swift */ = {isa = PBXFileReference; lastKnownFileType = sourcecode.swift; path = Movie.swift; sourceTree = "<group>"; };
		DE5DD3B32B8DB0740027EF99 /* DataManager.swift */ = {isa = PBXFileReference; lastKnownFileType = sourcecode.swift; path = DataManager.swift; sourceTree = "<group>"; };
		DE5DD3B52B8DBE8C0027EF99 /* DetailViewController.swift */ = {isa = PBXFileReference; lastKnownFileType = sourcecode.swift; path = DetailViewController.swift; sourceTree = "<group>"; };
/* End PBXFileReference section */

/* Begin PBXFrameworksBuildPhase section */
		DE5DD3922B8D827D0027EF99 /* Frameworks */ = {
			isa = PBXFrameworksBuildPhase;
			buildActionMask = 2147483647;
			files = (
			);
			runOnlyForDeploymentPostprocessing = 0;
		};
/* End PBXFrameworksBuildPhase section */

/* Begin PBXGroup section */
		DE5DD38C2B8D827C0027EF99 = {
			isa = PBXGroup;
			children = (
				DE5DD3972B8D827D0027EF99 /* TableView */,
				DE5DD3962B8D827D0027EF99 /* Products */,
			);
			sourceTree = "<group>";
		};
		DE5DD3962B8D827D0027EF99 /* Products */ = {
			isa = PBXGroup;
			children = (
				DE5DD3952B8D827D0027EF99 /* TableView.app */,
			);
			name = Products;
			sourceTree = "<group>";
		};
		DE5DD3972B8D827D0027EF99 /* TableView */ = {
			isa = PBXGroup;
			children = (
				DE5DD3982B8D827D0027EF99 /* AppDelegate.swift */,
				DE5DD39A2B8D827D0027EF99 /* SceneDelegate.swift */,
				DE5DD3B02B8D89D00027EF99 /* Models */,
				DE5DD3AF2B8D89C30027EF99 /* Views */,
				DE5DD3AE2B8D89B40027EF99 /* Controllers */,
				DE5DD3A12B8D827E0027EF99 /* Assets.xcassets */,
				DE5DD3A32B8D827E0027EF99 /* LaunchScreen.storyboard */,
				DE5DD3A62B8D827E0027EF99 /* Info.plist */,
			);
			path = TableView;
			sourceTree = "<group>";
		};
		DE5DD3AE2B8D89B40027EF99 /* Controllers */ = {
			isa = PBXGroup;
			children = (
				DE5DD39C2B8D827D0027EF99 /* ViewController.swift */,
				DE5DD3B52B8DBE8C0027EF99 /* DetailViewController.swift */,
			);
			path = Controllers;
			sourceTree = "<group>";
		};
		DE5DD3AF2B8D89C30027EF99 /* Views */ = {
			isa = PBXGroup;
			children = (
				DE5DD3AC2B8D88410027EF99 /* MovieCell.swift */,
				DE5DD39E2B8D827D0027EF99 /* Main.storyboard */,
			);
			path = Views;
			sourceTree = "<group>";
		};
		DE5DD3B02B8D89D00027EF99 /* Models */ = {
			isa = PBXGroup;
			children = (
				DE5DD3B12B8D8CA20027EF99 /* Movie.swift */,
				DE5DD3B32B8DB0740027EF99 /* DataManager.swift */,
			);
			path = Models;
			sourceTree = "<group>";
		};
/* End PBXGroup section */

/* Begin PBXNativeTarget section */
		DE5DD3942B8D827D0027EF99 /* TableView */ = {
			isa = PBXNativeTarget;
			buildConfigurationList = DE5DD3A92B8D827E0027EF99 /* Build configuration list for PBXNativeTarget "TableView" */;
			buildPhases = (
				DE5DD3912B8D827D0027EF99 /* Sources */,
				DE5DD3922B8D827D0027EF99 /* Frameworks */,
				DE5DD3932B8D827D0027EF99 /* Resources */,
			);
			buildRules = (
			);
			dependencies = (
			);
			name = TableView;
			productName = TableView;
			productReference = DE5DD3952B8D827D0027EF99 /* TableView.app */;
			productType = "com.apple.product-type.application";
		};
/* End PBXNativeTarget section */

/* Begin PBXProject section */
		DE5DD38D2B8D827C0027EF99 /* Project object */ = {
			isa = PBXProject;
			attributes = {
				BuildIndependentTargetsInParallel = 1;
				LastSwiftUpdateCheck = 1520;
				LastUpgradeCheck = 1520;
				TargetAttributes = {
					DE5DD3942B8D827D0027EF99 = {
						CreatedOnToolsVersion = 15.2;
					};
				};
			};
			buildConfigurationList = DE5DD3902B8D827C0027EF99 /* Build configuration list for PBXProject "TableView" */;
			compatibilityVersion = "Xcode 14.0";
			developmentRegion = en;
			hasScannedForEncodings = 0;
			knownRegions = (
				en,
				Base,
			);
			mainGroup = DE5DD38C2B8D827C0027EF99;
			productRefGroup = DE5DD3962B8D827D0027EF99 /* Products */;
			projectDirPath = "";
			projectRoot = "";
			targets = (
				DE5DD3942B8D827D0027EF99 /* TableView */,
			);
		};
/* End PBXProject section */

/* Begin PBXResourcesBuildPhase section */
		DE5DD3932B8D827D0027EF99 /* Resources */ = {
			isa = PBXResourcesBuildPhase;
			buildActionMask = 2147483647;
			files = (
				DE5DD3A52B8D827E0027EF99 /* LaunchScreen.storyboard in Resources */,
				DE5DD3A22B8D827E0027EF99 /* Assets.xcassets in Resources */,
				DE5DD3A02B8D827D0027EF99 /* Main.storyboard in Resources */,
			);
			runOnlyForDeploymentPostprocessing = 0;
		};
/* End PBXResourcesBuildPhase section */

/* Begin PBXSourcesBuildPhase section */
		DE5DD3912B8D827D0027EF99 /* Sources */ = {
			isa = PBXSourcesBuildPhase;
			buildActionMask = 2147483647;
			files = (
				DE5DD39D2B8D827D0027EF99 /* ViewController.swift in Sources */,
				DE5DD3B42B8DB0740027EF99 /* DataManager.swift in Sources */,
				DE5DD3992B8D827D0027EF99 /* AppDelegate.swift in Sources */,
				DE5DD3AD2B8D88410027EF99 /* MovieCell.swift in Sources */,
				DE5DD39B2B8D827D0027EF99 /* SceneDelegate.swift in Sources */,
				DE5DD3B22B8D8CA20027EF99 /* Movie.swift in Sources */,
				DE5DD3B62B8DBE8C0027EF99 /* DetailViewController.swift in Sources */,
			);
			runOnlyForDeploymentPostprocessing = 0;
		};
/* End PBXSourcesBuildPhase section */

/* Begin PBXVariantGroup section */
		DE5DD39E2B8D827D0027EF99 /* Main.storyboard */ = {
			isa = PBXVariantGroup;
			children = (
				DE5DD39F2B8D827D0027EF99 /* Base */,
			);
			name = Main.storyboard;
			sourceTree = "<group>";
		};
		DE5DD3A32B8D827E0027EF99 /* LaunchScreen.storyboard */ = {
			isa = PBXVariantGroup;
			children = (
				DE5DD3A42B8D827E0027EF99 /* Base */,
			);
			name = LaunchScreen.storyboard;
			sourceTree = "<group>";
		};
/* End PBXVariantGroup section */

/* Begin XCBuildConfiguration section */
		DE5DD3A72B8D827E0027EF99 /* Debug */ = {
			isa = XCBuildConfiguration;
			buildSettings = {
				ALWAYS_SEARCH_USER_PATHS = NO;
				ASSETCATALOG_COMPILER_GENERATE_SWIFT_ASSET_SYMBOL_EXTENSIONS = YES;
				CLANG_ANALYZER_NONNULL = YES;
				CLANG_ANALYZER_NUMBER_OBJECT_CONVERSION = YES_AGGRESSIVE;
				CLANG_CXX_LANGUAGE_STANDARD = "gnu++20";
				CLANG_ENABLE_MODULES = YES;
				CLANG_ENABLE_OBJC_ARC = YES;
				CLANG_ENABLE_OBJC_WEAK = YES;
				CLANG_WARN_BLOCK_CAPTURE_AUTORELEASING = YES;
				CLANG_WARN_BOOL_CONVERSION = YES;
				CLANG_WARN_COMMA = YES;
				CLANG_WARN_CONSTANT_CONVERSION = YES;
				CLANG_WARN_DEPRECATED_OBJC_IMPLEMENTATIONS = YES;
				CLANG_WARN_DIRECT_OBJC_ISA_USAGE = YES_ERROR;
				CLANG_WARN_DOCUMENTATION_COMMENTS = YES;
				CLANG_WARN_EMPTY_BODY = YES;
				CLANG_WARN_ENUM_CONVERSION = YES;
				CLANG_WARN_INFINITE_RECURSION = YES;
				CLANG_WARN_INT_CONVERSION = YES;
				CLANG_WARN_NON_LITERAL_NULL_CONVERSION = YES;
				CLANG_WARN_OBJC_IMPLICIT_RETAIN_SELF = YES;
				CLANG_WARN_OBJC_LITERAL_CONVERSION = YES;
				CLANG_WARN_OBJC_ROOT_CLASS = YES_ERROR;
				CLANG_WARN_QUOTED_INCLUDE_IN_FRAMEWORK_HEADER = YES;
				CLANG_WARN_RANGE_LOOP_ANALYSIS = YES;
				CLANG_WARN_STRICT_PROTOTYPES = YES;
				CLANG_WARN_SUSPICIOUS_MOVE = YES;
				CLANG_WARN_UNGUARDED_AVAILABILITY = YES_AGGRESSIVE;
				CLANG_WARN_UNREACHABLE_CODE = YES;
				CLANG_WARN__DUPLICATE_METHOD_MATCH = YES;
				COPY_PHASE_STRIP = NO;
				DEBUG_INFORMATION_FORMAT = dwarf;
				ENABLE_STRICT_OBJC_MSGSEND = YES;
				ENABLE_TESTABILITY = YES;
				ENABLE_USER_SCRIPT_SANDBOXING = YES;
				GCC_C_LANGUAGE_STANDARD = gnu17;
				GCC_DYNAMIC_NO_PIC = NO;
				GCC_NO_COMMON_BLOCKS = YES;
				GCC_OPTIMIZATION_LEVEL = 0;
				GCC_PREPROCESSOR_DEFINITIONS = (
					"DEBUG=1",
					"$(inherited)",
				);
				GCC_WARN_64_TO_32_BIT_CONVERSION = YES;
				GCC_WARN_ABOUT_RETURN_TYPE = YES_ERROR;
				GCC_WARN_UNDECLARED_SELECTOR = YES;
				GCC_WARN_UNINITIALIZED_AUTOS = YES_AGGRESSIVE;
				GCC_WARN_UNUSED_FUNCTION = YES;
				GCC_WARN_UNUSED_VARIABLE = YES;
				IPHONEOS_DEPLOYMENT_TARGET = 17.2;
				LOCALIZATION_PREFERS_STRING_CATALOGS = YES;
				MTL_ENABLE_DEBUG_INFO = INCLUDE_SOURCE;
				MTL_FAST_MATH = YES;
				ONLY_ACTIVE_ARCH = YES;
				SDKROOT = iphoneos;
				SWIFT_ACTIVE_COMPILATION_CONDITIONS = "DEBUG $(inherited)";
				SWIFT_OPTIMIZATION_LEVEL = "-Onone";
			};
			name = Debug;
		};
		DE5DD3A82B8D827E0027EF99 /* Release */ = {
			isa = XCBuildConfiguration;
			buildSettings = {
				ALWAYS_SEARCH_USER_PATHS = NO;
				ASSETCATALOG_COMPILER_GENERATE_SWIFT_ASSET_SYMBOL_EXTENSIONS = YES;
				CLANG_ANALYZER_NONNULL = YES;
				CLANG_ANALYZER_NUMBER_OBJECT_CONVERSION = YES_AGGRESSIVE;
				CLANG_CXX_LANGUAGE_STANDARD = "gnu++20";
				CLANG_ENABLE_MODULES = YES;
				CLANG_ENABLE_OBJC_ARC = YES;
				CLANG_ENABLE_OBJC_WEAK = YES;
				CLANG_WARN_BLOCK_CAPTURE_AUTORELEASING = YES;
				CLANG_WARN_BOOL_CONVERSION = YES;
				CLANG_WARN_COMMA = YES;
				CLANG_WARN_CONSTANT_CONVERSION = YES;
				CLANG_WARN_DEPRECATED_OBJC_IMPLEMENTATIONS = YES;
				CLANG_WARN_DIRECT_OBJC_ISA_USAGE = YES_ERROR;
				CLANG_WARN_DOCUMENTATION_COMMENTS = YES;
				CLANG_WARN_EMPTY_BODY = YES;
				CLANG_WARN_ENUM_CONVERSION = YES;
				CLANG_WARN_INFINITE_RECURSION = YES;
				CLANG_WARN_INT_CONVERSION = YES;
				CLANG_WARN_NON_LITERAL_NULL_CONVERSION = YES;
				CLANG_WARN_OBJC_IMPLICIT_RETAIN_SELF = YES;
				CLANG_WARN_OBJC_LITERAL_CONVERSION = YES;
				CLANG_WARN_OBJC_ROOT_CLASS = YES_ERROR;
				CLANG_WARN_QUOTED_INCLUDE_IN_FRAMEWORK_HEADER = YES;
				CLANG_WARN_RANGE_LOOP_ANALYSIS = YES;
				CLANG_WARN_STRICT_PROTOTYPES = YES;
				CLANG_WARN_SUSPICIOUS_MOVE = YES;
				CLANG_WARN_UNGUARDED_AVAILABILITY = YES_AGGRESSIVE;
				CLANG_WARN_UNREACHABLE_CODE = YES;
				CLANG_WARN__DUPLICATE_METHOD_MATCH = YES;
				COPY_PHASE_STRIP = NO;
				DEBUG_INFORMATION_FORMAT = "dwarf-with-dsym";
				ENABLE_NS_ASSERTIONS = NO;
				ENABLE_STRICT_OBJC_MSGSEND = YES;
				ENABLE_USER_SCRIPT_SANDBOXING = YES;
				GCC_C_LANGUAGE_STANDARD = gnu17;
				GCC_NO_COMMON_BLOCKS = YES;
				GCC_WARN_64_TO_32_BIT_CONVERSION = YES;
				GCC_WARN_ABOUT_RETURN_TYPE = YES_ERROR;
				GCC_WARN_UNDECLARED_SELECTOR = YES;
				GCC_WARN_UNINITIALIZED_AUTOS = YES_AGGRESSIVE;
				GCC_WARN_UNUSED_FUNCTION = YES;
				GCC_WARN_UNUSED_VARIABLE = YES;
				IPHONEOS_DEPLOYMENT_TARGET = 17.2;
				LOCALIZATION_PREFERS_STRING_CATALOGS = YES;
				MTL_ENABLE_DEBUG_INFO = NO;
				MTL_FAST_MATH = YES;
				SDKROOT = iphoneos;
				SWIFT_COMPILATION_MODE = wholemodule;
				VALIDATE_PRODUCT = YES;
			};
			name = Release;
		};
		DE5DD3AA2B8D827E0027EF99 /* Debug */ = {
			isa = XCBuildConfiguration;
			buildSettings = {
				ASSETCATALOG_COMPILER_APPICON_NAME = AppIcon;
				ASSETCATALOG_COMPILER_GLOBAL_ACCENT_COLOR_NAME = AccentColor;
				CODE_SIGN_STYLE = Automatic;
				CURRENT_PROJECT_VERSION = 1;
				DEVELOPMENT_TEAM = 694BMG973X;
				GENERATE_INFOPLIST_FILE = YES;
				INFOPLIST_FILE = TableView/Info.plist;
				INFOPLIST_KEY_UIApplicationSupportsIndirectInputEvents = YES;
				INFOPLIST_KEY_UILaunchStoryboardName = LaunchScreen;
				INFOPLIST_KEY_UIMainStoryboardFile = Main;
				INFOPLIST_KEY_UISupportedInterfaceOrientations = UIInterfaceOrientationPortrait;
				INFOPLIST_KEY_UISupportedInterfaceOrientations_iPad = "UIInterfaceOrientationLandscapeLeft UIInterfaceOrientationLandscapeRight UIInterfaceOrientationPortrait UIInterfaceOrientationPortraitUpsideDown";
				IPHONEOS_DEPLOYMENT_TARGET = 13.0;
				LD_RUNPATH_SEARCH_PATHS = (
					"$(inherited)",
					"@executable_path/Frameworks",
				);
				MARKETING_VERSION = 1.0;
				PRODUCT_BUNDLE_IDENTIFIER = com.github.Chynmn.TableView;
				PRODUCT_NAME = "$(TARGET_NAME)";
				SUPPORTED_PLATFORMS = "iphoneos iphonesimulator";
				SUPPORTS_MACCATALYST = NO;
				SUPPORTS_MAC_DESIGNED_FOR_IPHONE_IPAD = NO;
				SUPPORTS_XR_DESIGNED_FOR_IPHONE_IPAD = NO;
				SWIFT_EMIT_LOC_STRINGS = YES;
				SWIFT_VERSION = 5.0;
				TARGETED_DEVICE_FAMILY = 1;
			};
			name = Debug;
		};
		DE5DD3AB2B8D827E0027EF99 /* Release */ = {
			isa = XCBuildConfiguration;
			buildSettings = {
				ASSETCATALOG_COMPILER_APPICON_NAME = AppIcon;
				ASSETCATALOG_COMPILER_GLOBAL_ACCENT_COLOR_NAME = AccentColor;
				CODE_SIGN_STYLE = Automatic;
				CURRENT_PROJECT_VERSION = 1;
				DEVELOPMENT_TEAM = 694BMG973X;
				GENERATE_INFOPLIST_FILE = YES;
				INFOPLIST_FILE = TableView/Info.plist;
				INFOPLIST_KEY_UIApplicationSupportsIndirectInputEvents = YES;
				INFOPLIST_KEY_UILaunchStoryboardName = LaunchScreen;
				INFOPLIST_KEY_UIMainStoryboardFile = Main;
				INFOPLIST_KEY_UISupportedInterfaceOrientations = UIInterfaceOrientationPortrait;
				INFOPLIST_KEY_UISupportedInterfaceOrientations_iPad = "UIInterfaceOrientationLandscapeLeft UIInterfaceOrientationLandscapeRight UIInterfaceOrientationPortrait UIInterfaceOrientationPortraitUpsideDown";
				IPHONEOS_DEPLOYMENT_TARGET = 13.0;
				LD_RUNPATH_SEARCH_PATHS = (
					"$(inherited)",
					"@executable_path/Frameworks",
				);
				MARKETING_VERSION = 1.0;
				PRODUCT_BUNDLE_IDENTIFIER = com.github.Chynmn.TableView;
				PRODUCT_NAME = "$(TARGET_NAME)";
				SUPPORTED_PLATFORMS = "iphoneos iphonesimulator";
				SUPPORTS_MACCATALYST = NO;
				SUPPORTS_MAC_DESIGNED_FOR_IPHONE_IPAD = NO;
				SUPPORTS_XR_DESIGNED_FOR_IPHONE_IPAD = NO;
				SWIFT_EMIT_LOC_STRINGS = YES;
				SWIFT_VERSION = 5.0;
				TARGETED_DEVICE_FAMILY = 1;
			};
			name = Release;
		};
/* End XCBuildConfiguration section */

/* Begin XCConfigurationList section */
		DE5DD3902B8D827C0027EF99 /* Build configuration list for PBXProject "TableView" */ = {
			isa = XCConfigurationList;
			buildConfigurations = (
				DE5DD3A72B8D827E0027EF99 /* Debug */,
				DE5DD3A82B8D827E0027EF99 /* Release */,
			);
			defaultConfigurationIsVisible = 0;
			defaultConfigurationName = Release;
		};
		DE5DD3A92B8D827E0027EF99 /* Build configuration list for PBXNativeTarget "TableView" */ = {
			isa = XCConfigurationList;
			buildConfigurations = (
				DE5DD3AA2B8D827E0027EF99 /* Debug */,
				DE5DD3AB2B8D827E0027EF99 /* Release */,
			);
			defaultConfigurationIsVisible = 0;
			defaultConfigurationName = Release;
		};
/* End XCConfigurationList section */
	};
	rootObject = DE5DD38D2B8D827C0027EF99 /* Project object */;
}
